
Microsoft Visual Studio Solution File, Format Version 11.00
# Visual Studio Version 17

Project("{8BC9CEB8-8B4A-11D0-8D11-00A0C91BC942}") = "SimpleEQ - Standalone Plugin", "SimpleEQ_StandalonePlugin.vcxproj", "{72FE57D0-5695-7CB7-995C-6AF30DBE404F}"
	ProjectSection(ProjectDependencies) = postProject
		{9A566DFD-0AA7-D563-9A30-32A88DBE27F7} = {9A566DFD-0AA7-D563-9A30-32A88DBE27F7}
	EndProjectSection
EndProject
Project("{8BC9CEB8-8B4A-11D0-8D11-00A0C91BC942}") = "SimpleEQ - VST3", "SimpleEQ_VST3.vcxproj", "{371D0770-C551-3766-C939-8542D08A0195}"
	ProjectSection(ProjectDependencies) = postProject
		{9A566DFD-0AA7-D563-9A30-32A88DBE27F7} = {9A566DFD-0AA7-D563-9A30-32A88DBE27F7}
		{F363B5AB-F339-8B39-A312-0B7F4CB527A6} = {F363B5AB-F339-8B39-A312-0B7F4CB527A6}
	EndProjectSection
EndProject
Project("{8BC9CEB8-8B4A-11D0-8D11-00A0C91BC942}") = "SimpleEQ - Shared Code", "SimpleEQ_SharedCode.vcxproj", "{9A566DFD-0AA7-D563-9A30-32A88DBE27F7}"
EndProject
Project("{8BC9CEB8-8B4A-11D0-8D11-00A0C91BC942}") = "SimpleEQ - VST3 Manifest Helper", "SimpleEQ_VST3ManifestHelper.vcxproj", "{F363B5AB-F339-8B39-A312-0B7F4CB527A6}"
EndProject
Global
	GlobalSection(SolutionConfigurationPlatforms) = preSolution
		Debug|x64 = Debug|x64
		Release|x64 = Release|x64
	EndGlobalSection
	GlobalSection(ProjectConfigurationPlatforms) = postSolution
		{371D0770-C551-3766-C939-8542D08A0195}.Debug|x64.ActiveCfg = Debug|x64
		{371D0770-C551-3766-C939-8542D08A0195}.Debug|x64.Build.0 = Debug|x64
		{371D0770-C551-3766-C939-8542D08A0195}.Release|x64.ActiveCfg = Release|x64
		{371D0770-C551-3766-C939-8542D08A0195}.Release|x64.Build.0 = Release|x64
		{72FE57D0-5695-7CB7-995C-6AF30DBE404F}.Debug|x64.ActiveCfg = Debug|x64
		{72FE57D0-5695-7CB7-995C-6AF30DBE404F}.Debug|x64.Build.0 = Debug|x64
		{72FE57D0-5695-7CB7-995C-6AF30DBE404F}.Release|x64.ActiveCfg = Release|x64
		{72FE57D0-5695-7CB7-995C-6AF30DBE404F}.Release|x64.Build.0 = Release|x64
		{9A566DFD-0AA7-D563-9A30-32A88DBE27F7}.Debug|x64.ActiveCfg = Debug|x64
		{9A566DFD-0AA7-D563-9A30-32A88DBE27F7}.Debug|x64.Build.0 = Debug|x64
		{9A566DFD-0AA7-D563-9A30-32A88DBE27F7}.Release|x64.ActiveCfg = Release|x64
		{9A566DFD-0AA7-D563-9A30-32A88DBE27F7}.Release|x64.Build.0 = Release|x64
		{F363B5AB-F339-8B39-A312-0B7F4CB527A6}.Debug|x64.ActiveCfg = Debug|x64
		{F363B5AB-F339-8B39-A312-0B7F4CB527A6}.Debug|x64.Build.0 = Debug|x64
		{F363B5AB-F339-8B39-A312-0B7F4CB527A6}.Release|x64.ActiveCfg = Release|x64
		{F363B5AB-F339-8B39-A312-0B7F4CB527A6}.Release|x64.Build.0 = Release|x64
	EndGlobalSection
	GlobalSection(SolutionProperties) = preSolution
		HideSolutionNode = FALSE
	EndGlobalSection
EndGlobal
