
Microsoft Visual Studio Solution File, Format Version 11.00
# Visual Studio Version 17

Project("{8BC9CEB8-8B4A-11D0-8D11-00A0C91BC942}") = "SimpleEQLinux - Standalone Plugin", "SimpleEQLinux_StandalonePlugin.vcxproj", "{98812D7F-82F9-211A-78DF-74658AF385E4}"
	ProjectSection(ProjectDependencies) = postProject
		{E9E3AB12-94BD-7BAE-C3C3-11DE8CBEAAB8} = {E9E3AB12-94BD-7BAE-C3C3-11DE8CBEAAB8}
	EndProjectSection
EndProject
Project("{8BC9CEB8-8B4A-11D0-8D11-00A0C91BC942}") = "SimpleEQLinux - VST3", "SimpleEQLinux_VST3.vcxproj", "{576C3135-D73A-6888-75EF-E82FAF467326}"
	ProjectSection(ProjectDependencies) = postProject
		{E9E3AB12-94BD-7BAE-C3C3-11DE8CBEAAB8} = {E9E3AB12-94BD-7BAE-C3C3-11DE8CBEAAB8}
		{4C5E784D-A9FE-9D36-0CA4-B0CB5176A3B1} = {4C5E784D-A9FE-9D36-0CA4-B0CB5176A3B1}
	EndProjectSection
EndProject
Project("{8BC9CEB8-8B4A-11D0-8D11-00A0C91BC942}") = "SimpleEQLinux - Shared Code", "SimpleEQLinux_SharedCode.vcxproj", "{E9E3AB12-94BD-7BAE-C3C3-11DE8CBEAAB8}"
EndProject
Project("{8BC9CEB8-8B4A-11D0-8D11-00A0C91BC942}") = "SimpleEQLinux - VST3 Manifest Helper", "SimpleEQLinux_VST3ManifestHelper.vcxproj", "{4C5E784D-A9FE-9D36-0CA4-B0CB5176A3B1}"
EndProject
Global
	GlobalSection(SolutionConfigurationPlatforms) = preSolution
		Debug|x64 = Debug|x64
		Release|x64 = Release|x64
	EndGlobalSection
	GlobalSection(ProjectConfigurationPlatforms) = postSolution
		{576C3135-D73A-6888-75EF-E82FAF467326}.Debug|x64.ActiveCfg = Debug|x64
		{576C3135-D73A-6888-75EF-E82FAF467326}.Debug|x64.Build.0 = Debug|x64
		{576C3135-D73A-6888-75EF-E82FAF467326}.Release|x64.ActiveCfg = Release|x64
		{576C3135-D73A-6888-75EF-E82FAF467326}.Release|x64.Build.0 = Release|x64
		{98812D7F-82F9-211A-78DF-74658AF385E4}.Debug|x64.ActiveCfg = Debug|x64
		{98812D7F-82F9-211A-78DF-74658AF385E4}.Debug|x64.Build.0 = Debug|x64
		{98812D7F-82F9-211A-78DF-74658AF385E4}.Release|x64.ActiveCfg = Release|x64
		{98812D7F-82F9-211A-78DF-74658AF385E4}.Release|x64.Build.0 = Release|x64
		{E9E3AB12-94BD-7BAE-C3C3-11DE8CBEAAB8}.Debug|x64.ActiveCfg = Debug|x64
		{E9E3AB12-94BD-7BAE-C3C3-11DE8CBEAAB8}.Debug|x64.Build.0 = Debug|x64
		{E9E3AB12-94BD-7BAE-C3C3-11DE8CBEAAB8}.Release|x64.ActiveCfg = Release|x64
		{E9E3AB12-94BD-7BAE-C3C3-11DE8CBEAAB8}.Release|x64.Build.0 = Release|x64
		{4C5E784D-A9FE-9D36-0CA4-B0CB5176A3B1}.Debug|x64.ActiveCfg = Debug|x64
		{4C5E784D-A9FE-9D36-0CA4-B0CB5176A3B1}.Debug|x64.Build.0 = Debug|x64
		{4C5E784D-A9FE-9D36-0CA4-B0CB5176A3B1}.Release|x64.ActiveCfg = Release|x64
		{4C5E784D-A9FE-9D36-0CA4-B0CB5176A3B1}.Release|x64.Build.0 = Release|x64
	EndGlobalSection
	GlobalSection(SolutionProperties) = preSolution
		HideSolutionNode = FALSE
	EndGlobalSection
EndGlobal
